{
	"archiveVersion" = "1";
	"classes" =
		{
		};
	"objectVersion" = "46";
	"objects" =
		{
			"100000000000000000000002" =
				{
					"isa" = "PBXGroup";
					"children" =
						("0BC3403B0DFF4642A71F8BE7", "BD35497D976C40409720ABB8");
					"sourceTree" = "<group>";
				};
			"100000000000000000000006" =
				{
					"isa" = "PBXNativeTarget";
					"buildPhases" =
						("100000000000000000000007");
					"buildRules" =
						();
					"dependencies" =
						();
					"name" = "test";
					"productName" = "test";
					"productType" = "com.apple.product-type.application";
				};
			"100000000000000000000001" =
				{
					"isa" = "PBXProject";
					"attributes" =
						{
							"LastUpgradeCheck" = "0620";
						};
					"buildConfigurationList" = "100000000000000000000003";
					"compatibilityVersion" = "Xcode 3.2";
					"developmentRegion" = "English";
					"hasScannedForEncodings" = "0";
					"knownRegions" =
						("en");
					"mainGroup" = "100000000000000000000002";
					"projectDirPath" = "";
					"projectRoot" = "";
					"targets" =
						("100000000000000000000006");
				};
			"100000000000000000000007" =
				{
					"isa" = "PBXSourcesBuildPhase";
					"buildActionMask" = "2147483647";
					"files" =
						();
					"runOnlyForDeploymentPostprocessing" = "0";
				};
			"100000000000000000000004" =
				{
					"isa" = "XCBuildConfiguration";
					"buildSettings" =
						{
							"INFOPLIST_FILE" = "/Users/ertanunver/Development/Projects/libgdx-yummy/ios/Info.plist.xml";
							"SDKROOT" = "iphoneos";
							"TARGETED_DEVICE_FAMILY" = "1,2";
							"GCC_PRECOMPILE_PREFIX_HEADER" = "YES";
							"GCC_PREFIX_HEADER" = "/Users/ertanunver/Development/Projects/libgdx-yummy/ios/robovm-build/xcode/.ib/Prefix.pch";
						};
					"name" = "Debug";
				};
			"100000000000000000000005" =
				{
					"isa" = "XCBuildConfiguration";
					"buildSettings" =
						{
							"INFOPLIST_FILE" = "/Users/ertanunver/Development/Projects/libgdx-yummy/ios/Info.plist.xml";
							"SDKROOT" = "iphoneos";
							"TARGETED_DEVICE_FAMILY" = "1,2";
							"GCC_PRECOMPILE_PREFIX_HEADER" = "YES";
							"GCC_PREFIX_HEADER" = "/Users/ertanunver/Development/Projects/libgdx-yummy/ios/robovm-build/xcode/.ib/Prefix.pch";
						};
					"name" = "Release";
				};
			"100000000000000000000003" =
				{
					"isa" = "XCConfigurationList";
					"buildConfigurations" =
						("100000000000000000000004", "100000000000000000000005");
					"defaultConfigurationIsVisible" = "0";
					"defaultConfigurationName" = "Release";
				};
			"0BC3403B0DFF4642A71F8BE7" =
				{
					"isa" = "PBXGroup";
					"children" =
						("C743559E2B8349488C67504B", "70805008E6174ACFA9325FBE", "B2081DD7878B43EFAB06E8C4",
 "08404B7EB2E24DE6A571E990", "86781B7484BB48C29E966DF7", "34BBCBCC0DCA40CABF89023A",
 "B28A18FE2BD649EDACEDB55C", "1BC6FA94643B4842A387A91D", "4CC7B6368EF94B0098807D8B",
 "5F2E087453E74CF09BA88161", "80D4BB7E3D934221B46520BF", "6F0F3A534C0941B6A5E83191",
 "CE9425F33513411099468092", "039E6719172C4458B07BDABF", "DD4220DDC8BD4AF9AF801D80",
 "304F5EE727764224860033A6", "867DA42E2DE8494A86CACA3D", "C69E20E98D3C4BB088C64A8E",
 "C9C2600E16E74093A0984877", "3360851D27044D6780AB9229", "E128B1C5A5D448BAB2F47D32",
 "13CDA45C863A42558465D79D", "E38356140C0D4667B0B885BA", "EB591DC8700F43988668D434",
 "F2A25482FB8A4D588E655995");
					"name" = "Resources";
					"sourceTree" = "<absolute>";
					"path" = "/Users/ertanunver/Development/Projects/libgdx-yummy/ios/../android/assets";
				};
			"86781B7484BB48C29E966DF7" =
				{
					"isa" = "PBXFileReference";
					"name" = "Default-375w-667h@2x.png";
					"lastKnownFileType" = "image.png";
					"sourceTree" = "<group>";
					"path" = "Default-375w-667h@2x.png";
				};
			"34BBCBCC0DCA40CABF89023A" =
				{
					"isa" = "PBXFileReference";
					"name" = "Default-414w-736h@3x.png";
					"lastKnownFileType" = "image.png";
					"sourceTree" = "<group>";
					"path" = "Default-414w-736h@3x.png";
				};
			"4CC7B6368EF94B0098807D8B" =
				{
					"isa" = "PBXFileReference";
					"name" = "Default-568h@2x.png";
					"lastKnownFileType" = "image.png";
					"sourceTree" = "<group>";
					"path" = "Default-568h@2x.png";
				};
			"80D4BB7E3D934221B46520BF" =
				{
					"isa" = "PBXFileReference";
					"name" = "Default.png";
					"lastKnownFileType" = "image.png";
					"sourceTree" = "<group>";
					"path" = "Default.png";
				};
			"CE9425F33513411099468092" =
				{
					"isa" = "PBXFileReference";
					"name" = "Default@2x.png";
					"lastKnownFileType" = "image.png";
					"sourceTree" = "<group>";
					"path" = "Default@2x.png";
				};
			"DD4220DDC8BD4AF9AF801D80" =
				{
					"isa" = "PBXFileReference";
					"name" = "Default@2x~ipad.png";
					"lastKnownFileType" = "image.png";
					"sourceTree" = "<group>";
					"path" = "Default@2x~ipad.png";
				};
			"867DA42E2DE8494A86CACA3D" =
				{
					"isa" = "PBXFileReference";
					"name" = "Default~ipad.png";
					"lastKnownFileType" = "image.png";
					"sourceTree" = "<group>";
					"path" = "Default~ipad.png";
				};
			"C69E20E98D3C4BB088C64A8E" =
				{
					"isa" = "PBXFileReference";
					"name" = "Icon-72.png";
					"lastKnownFileType" = "image.png";
					"sourceTree" = "<group>";
					"path" = "Icon-72.png";
				};
			"E128B1C5A5D448BAB2F47D32" =
				{
					"isa" = "PBXFileReference";
					"name" = "Icon-72@2x.png";
					"lastKnownFileType" = "image.png";
					"sourceTree" = "<group>";
					"path" = "Icon-72@2x.png";
				};
			"13CDA45C863A42558465D79D" =
				{
					"isa" = "PBXFileReference";
					"name" = "Icon.png";
					"lastKnownFileType" = "image.png";
					"sourceTree" = "<group>";
					"path" = "Icon.png";
				};
			"F2A25482FB8A4D588E655995" =
				{
					"isa" = "PBXFileReference";
					"name" = "Icon@2x.png";
					"lastKnownFileType" = "image.png";
					"sourceTree" = "<group>";
					"path" = "Icon@2x.png";
				};
			"83CA6CFCA0BD4A50B0D80585" =
				{
					"isa" = "PBXFileReference";
					"name" = "Info.plist";
					"explicitFileType" = "text.plist.info";
					"sourceTree" = "<group>";
					"path" = "Info.plist.xml";
				};
			"BD35497D976C40409720ABB8" =
				{
					"isa" = "PBXGroup";
					"children" =
						("55E700A248C94A3296585712", "83CA6CFCA0BD4A50B0D80585");
					"name" = "Supporting Files";
					"sourceTree" = "<absolute>";
					"path" = "/Users/ertanunver/Development/Projects/libgdx-yummy/ios";
				};
			"B2081DD7878B43EFAB06E8C4" =
				{
					"isa" = "PBXFileReference";
					"name" = "badlogic.jpg";
					"lastKnownFileType" = "image.jpeg";
					"sourceTree" = "<group>";
					"path" = "badlogic.jpg";
				};
			"55E700A248C94A3296585712" =
				{
					"isa" = "PBXFileReference";
					"name" = "Info.plist";
					"explicitFileType" = "text.plist.info";
					"sourceTree" = "<group>";
					"path" = "Info.plist.xml";
				};
			"08404B7EB2E24DE6A571E990" =
				{
					"isa" = "PBXFileReference";
					"name" = "Default-375w-667h@2x.png";
					"lastKnownFileType" = "image.png";
					"sourceTree" = "<group>";
					"path" = "Default-375w-667h@2x.png";
				};
			"B28A18FE2BD649EDACEDB55C" =
				{
					"isa" = "PBXFileReference";
					"name" = "Default-414w-736h@3x.png";
					"lastKnownFileType" = "image.png";
					"sourceTree" = "<group>";
					"path" = "Default-414w-736h@3x.png";
				};
			"1BC6FA94643B4842A387A91D" =
				{
					"isa" = "PBXFileReference";
					"name" = "Default-568h@2x.png";
					"lastKnownFileType" = "image.png";
					"sourceTree" = "<group>";
					"path" = "Default-568h@2x.png";
				};
			"5F2E087453E74CF09BA88161" =
				{
					"isa" = "PBXFileReference";
					"name" = "Default.png";
					"lastKnownFileType" = "image.png";
					"sourceTree" = "<group>";
					"path" = "Default.png";
				};
			"6F0F3A534C0941B6A5E83191" =
				{
					"isa" = "PBXFileReference";
					"name" = "Default@2x.png";
					"lastKnownFileType" = "image.png";
					"sourceTree" = "<group>";
					"path" = "Default@2x.png";
				};
			"039E6719172C4458B07BDABF" =
				{
					"isa" = "PBXFileReference";
					"name" = "Default@2x~ipad.png";
					"lastKnownFileType" = "image.png";
					"sourceTree" = "<group>";
					"path" = "Default@2x~ipad.png";
				};
			"304F5EE727764224860033A6" =
				{
					"isa" = "PBXFileReference";
					"name" = "Default~ipad.png";
					"lastKnownFileType" = "image.png";
					"sourceTree" = "<group>";
					"path" = "Default~ipad.png";
				};
			"C9C2600E16E74093A0984877" =
				{
					"isa" = "PBXFileReference";
					"name" = "Icon-72.png";
					"lastKnownFileType" = "image.png";
					"sourceTree" = "<group>";
					"path" = "Icon-72.png";
				};
			"3360851D27044D6780AB9229" =
				{
					"isa" = "PBXFileReference";
					"name" = "Icon-72@2x.png";
					"lastKnownFileType" = "image.png";
					"sourceTree" = "<group>";
					"path" = "Icon-72@2x.png";
				};
			"E38356140C0D4667B0B885BA" =
				{
					"isa" = "PBXFileReference";
					"name" = "Icon.png";
					"lastKnownFileType" = "image.png";
					"sourceTree" = "<group>";
					"path" = "Icon.png";
				};
			"EB591DC8700F43988668D434" =
				{
					"isa" = "PBXFileReference";
					"name" = "Icon@2x.png";
					"lastKnownFileType" = "image.png";
					"sourceTree" = "<group>";
					"path" = "Icon@2x.png";
				};
			"74BDFF60A1DA414DBE228B55" =
				{
					"isa" = "PBXFileReference";
					"name" = "uiskin.png";
					"lastKnownFileType" = "image.png";
					"sourceTree" = "<group>";
					"path" = "uiskin.png";
				};
			"C743559E2B8349488C67504B" =
				{
					"isa" = "PBXGroup";
					"children" =
						("C2ED3F3E085E47D0B5380D73");
					"name" = "skins";
					"sourceTree" = "<group>";
					"path" = "skins";
				};
			"C2ED3F3E085E47D0B5380D73" =
				{
					"isa" = "PBXGroup";
					"children" =
						("74BDFF60A1DA414DBE228B55");
					"name" = "default";
					"sourceTree" = "<group>";
					"path" = "default";
				};
			"E6B79FBE9DC8445AACE68318" =
				{
					"isa" = "PBXFileReference";
					"name" = "01.jpg";
					"lastKnownFileType" = "image.jpeg";
					"sourceTree" = "<group>";
					"path" = "01.jpg";
				};
			"70805008E6174ACFA9325FBE" =
				{
					"isa" = "PBXGroup";
					"children" =
						("E6B79FBE9DC8445AACE68318", "13233C64E381424E988BB0B7", "8E6AAD3966A64DC492D1105A",
 "FABCB5504F394EB082CB67D6", "30890048FC4848999CF78FB4");
					"name" = "sprites";
					"sourceTree" = "<group>";
					"path" = "sprites";
				};
			"13233C64E381424E988BB0B7" =
				{
					"isa" = "PBXFileReference";
					"name" = "02.jpg";
					"lastKnownFileType" = "image.jpeg";
					"sourceTree" = "<group>";
					"path" = "02.jpg";
				};
			"8E6AAD3966A64DC492D1105A" =
				{
					"isa" = "PBXFileReference";
					"name" = "03.jpg";
					"lastKnownFileType" = "image.jpeg";
					"sourceTree" = "<group>";
					"path" = "03.jpg";
				};
			"FABCB5504F394EB082CB67D6" =
				{
					"isa" = "PBXFileReference";
					"name" = "04.jpg";
					"lastKnownFileType" = "image.jpeg";
					"sourceTree" = "<group>";
					"path" = "04.jpg";
				};
			"30890048FC4848999CF78FB4" =
				{
					"isa" = "PBXFileReference";
					"name" = "05.jpg";
					"lastKnownFileType" = "image.jpeg";
					"sourceTree" = "<group>";
					"path" = "05.jpg";
				};
		};
	"rootObject" = "100000000000000000000001";
}
